github.com/pavan-subhakar/fpl v0.1.2 h1:yBCVcEJbfzsBPV0+e7zcfOCm2D3HLZ4vQokUnNwMm3E=
github.com/pavan-subhakar/fpl v0.1.2/go.mod h1:q7ilow7+5PLKvGtqCKL9mOgGA99hbGB2oj/Ijv8IPaM=
github.com/pavan-subhakar/fpl v0.1.3-0.20230802080551-04090e84e535 h1:T8bPXpimzKYVv0stuNWjSE311SGlDtuWyJEHSPp8UG8=
github.com/pavan-subhakar/fpl v0.1.3-0.20230802080551-04090e84e535/go.mod h1:q7ilow7+5PLKvGtqCKL9mOgGA99hbGB2oj/Ijv8IPaM=
github.com/pavan-subhakar/fpl v0.1.3 h1:qePXY7mqt9LrAhaoOQrcEMHJ7CnFj7nbvI15j0o/GtU=
github.com/pavan-subhakar/fpl v0.1.3/go.mod h1:q7ilow7+5PLKvGtqCKL9mOgGA99hbGB2oj/Ijv8IPaM=
